
Microsoft Visual Studio Solution File, Format Version 12.00
# Visual Studio Version 17
VisualStudioVersion = 17.1.32328.378
MinimumVisualStudioVersion = 10.0.40219.1
Project("{9A19103F-16F7-4668-BE54-9A1E7A4F7556}") = "ZenLib", "ZenLib\ZenLib.csproj", "{EA37F76B-4826-4812-8654-BB8410D3AB57}"
EndProject
Project("{9A19103F-16F7-4668-BE54-9A1E7A4F7556}") = "ZenLib.Tests", "ZenLib.Tests\ZenLib.Tests.csproj", "{36304B2B-BAD2-4218-A143-0CB98BD652BF}"
EndProject
Project("{9A19103F-16F7-4668-BE54-9A1E7A4F7556}") = "ZenLib.Bench", "ZenLib.Bench\ZenLib.Bench.csproj", "{6C936160-B40C-4839-A514-E6FC8FD708D6}"
EndProject
Project("{9A19103F-16F7-4668-BE54-9A1E7A4F7556}") = "ZenLib.Generators", "ZenLib.Generators\ZenLib.Generators.csproj", "{DBE6C309-63E7-4872-9FD8-246694DD4E29}"
EndProject
Project("{9A19103F-16F7-4668-BE54-9A1E7A4F7556}") = "ZenLib.Generators.Tests", "ZenLib.Generators.Tests\ZenLib.Generators.Tests.csproj", "{A032CB05-F862-4C44-A777-C20CDE061BF7}"
EndProject
Global
	GlobalSection(SolutionConfigurationPlatforms) = preSolution
		Debug|Any CPU = Debug|Any CPU
		Debug|x64 = Debug|x64
		Release|Any CPU = Release|Any CPU
		Release|x64 = Release|x64
	EndGlobalSection
	GlobalSection(ProjectConfigurationPlatforms) = postSolution
		{EA37F76B-4826-4812-8654-BB8410D3AB57}.Debug|Any CPU.ActiveCfg = Debug|Any CPU
		{EA37F76B-4826-4812-8654-BB8410D3AB57}.Debug|Any CPU.Build.0 = Debug|Any CPU
		{EA37F76B-4826-4812-8654-BB8410D3AB57}.Debug|x64.ActiveCfg = Debug|Any CPU
		{EA37F76B-4826-4812-8654-BB8410D3AB57}.Debug|x64.Build.0 = Debug|Any CPU
		{EA37F76B-4826-4812-8654-BB8410D3AB57}.Release|Any CPU.ActiveCfg = Release|x64
		{EA37F76B-4826-4812-8654-BB8410D3AB57}.Release|Any CPU.Build.0 = Release|x64
		{EA37F76B-4826-4812-8654-BB8410D3AB57}.Release|x64.ActiveCfg = Release|Any CPU
		{EA37F76B-4826-4812-8654-BB8410D3AB57}.Release|x64.Build.0 = Release|Any CPU
		{36304B2B-BAD2-4218-A143-0CB98BD652BF}.Debug|Any CPU.ActiveCfg = Debug|Any CPU
		{36304B2B-BAD2-4218-A143-0CB98BD652BF}.Debug|Any CPU.Build.0 = Debug|Any CPU
		{36304B2B-BAD2-4218-A143-0CB98BD652BF}.Debug|x64.ActiveCfg = Debug|Any CPU
		{36304B2B-BAD2-4218-A143-0CB98BD652BF}.Debug|x64.Build.0 = Debug|Any CPU
		{36304B2B-BAD2-4218-A143-0CB98BD652BF}.Release|Any CPU.ActiveCfg = Release|x64
		{36304B2B-BAD2-4218-A143-0CB98BD652BF}.Release|Any CPU.Build.0 = Release|x64
		{36304B2B-BAD2-4218-A143-0CB98BD652BF}.Release|x64.ActiveCfg = Release|Any CPU
		{36304B2B-BAD2-4218-A143-0CB98BD652BF}.Release|x64.Build.0 = Release|Any CPU
		{6C936160-B40C-4839-A514-E6FC8FD708D6}.Debug|Any CPU.ActiveCfg = Debug|Any CPU
		{6C936160-B40C-4839-A514-E6FC8FD708D6}.Debug|Any CPU.Build.0 = Debug|Any CPU
		{6C936160-B40C-4839-A514-E6FC8FD708D6}.Debug|x64.ActiveCfg = Debug|Any CPU
		{6C936160-B40C-4839-A514-E6FC8FD708D6}.Debug|x64.Build.0 = Debug|Any CPU
		{6C936160-B40C-4839-A514-E6FC8FD708D6}.Release|Any CPU.ActiveCfg = Release|x64
		{6C936160-B40C-4839-A514-E6FC8FD708D6}.Release|Any CPU.Build.0 = Release|x64
		{6C936160-B40C-4839-A514-E6FC8FD708D6}.Release|x64.ActiveCfg = Release|Any CPU
		{6C936160-B40C-4839-A514-E6FC8FD708D6}.Release|x64.Build.0 = Release|Any CPU
		{DBE6C309-63E7-4872-9FD8-246694DD4E29}.Debug|Any CPU.ActiveCfg = Debug|Any CPU
		{DBE6C309-63E7-4872-9FD8-246694DD4E29}.Debug|Any CPU.Build.0 = Debug|Any CPU
		{DBE6C309-63E7-4872-9FD8-246694DD4E29}.Debug|x64.ActiveCfg = Debug|Any CPU
		{DBE6C309-63E7-4872-9FD8-246694DD4E29}.Debug|x64.Build.0 = Debug|Any CPU
		{DBE6C309-63E7-4872-9FD8-246694DD4E29}.Release|Any CPU.ActiveCfg = Release|x64
		{DBE6C309-63E7-4872-9FD8-246694DD4E29}.Release|Any CPU.Build.0 = Release|x64
		{DBE6C309-63E7-4872-9FD8-246694DD4E29}.Release|x64.ActiveCfg = Release|Any CPU
		{DBE6C309-63E7-4872-9FD8-246694DD4E29}.Release|x64.Build.0 = Release|Any CPU
		{A032CB05-F862-4C44-A777-C20CDE061BF7}.Debug|Any CPU.ActiveCfg = Debug|Any CPU
		{A032CB05-F862-4C44-A777-C20CDE061BF7}.Debug|Any CPU.Build.0 = Debug|Any CPU
		{A032CB05-F862-4C44-A777-C20CDE061BF7}.Debug|x64.ActiveCfg = Debug|Any CPU
		{A032CB05-F862-4C44-A777-C20CDE061BF7}.Debug|x64.Build.0 = Debug|Any CPU
		{A032CB05-F862-4C44-A777-C20CDE061BF7}.Release|Any CPU.ActiveCfg = Release|x64
		{A032CB05-F862-4C44-A777-C20CDE061BF7}.Release|Any CPU.Build.0 = Release|x64
		{A032CB05-F862-4C44-A777-C20CDE061BF7}.Release|x64.ActiveCfg = Release|Any CPU
		{A032CB05-F862-4C44-A777-C20CDE061BF7}.Release|x64.Build.0 = Release|Any CPU
	EndGlobalSection
	GlobalSection(SolutionProperties) = preSolution
		HideSolutionNode = FALSE
	EndGlobalSection
	GlobalSection(ExtensibilityGlobals) = postSolution
		SolutionGuid = {A64F0750-8829-4EF7-8BD3-97BB73630F58}
	EndGlobalSection
EndGlobal
